version = 1
revision = 5
requires-python = ">=3.10, <3.13"

[[package]]
name = "async-timeout"
version = "5.0.1"
source = { registry = "https://pypi.org/simple" }
sdist = { url = "https://files.pythonhosted.org/packages/a5/ae/136395dfbfe00dfc94da3f3e136d0b13f394cba8f4841120e34226265780/async_timeout-5.0.1.tar.gz", hash = "sha256:d9321a7a3d5a6a5e187e824d2fa0793ce379a202935782d555d6e9d2735677d3", size = 9274, upload-time = "2024-11-06T16:41:39.6Z" }
wheels = [
    { url = "https://files.pythonhosted.org/packages/fe/ba/e2081de779ca30d473f21f5b30e0e737c438205440784c7dfc81efc2b029/async_timeout-5.0.1-py3-none-any.whl", hash = "sha256:39e3809566ff85354557ec2398b55e096c8364bacac9405a7a1fa429e77fe76c", size = 6233, upload-time = "2024-11-06T16:41:37.9Z" },
]

[[package]]
name = "certifi"
version = "2026.7.22"
source = { registry = "https://pypi.org/simple" }
sdist = { url = "https://files.pythonhosted.org/packages/a3/c2/24167ea9858356b47a87a50d39908bfdb72ceeefe0041586e704e5376b3a/certifi-2026.7.22.tar.gz", hash = "sha256:741e2c3b351ddf169a738da9f2c048608ff7f2c5cc02f1ebc6b118bb090d5d55", size = 138112, upload-time = "2026-07-22T03:35:12.644Z" }
wheels = [
    { url = "https://files.pythonhosted.org/packages/0b/a7/71ac2cff56fec219ed242bb11b8efb69fcc4bec75db06fb7bfe35de520e6/certifi-2026.7.22-py3-none-any.whl", hash = "sha256:62f22742b58a1a33014a2b6b706588a8d7e2a88ae7bd1a6ebe8c992928483775", size = 136983, upload-time = "2026-07-22T03:35:11.276Z" },
]

[[package]]
name = "charset-normalizer"
version = "3.5.2"
source = { registry = "https://pypi.org/simple" }
sdist = { url = "https://files.pythonhosted.org/packages/33/1c/f41d4e74c28ab327ff3acd36053f7ea506c55872d7a90b0fa71aa3ab0c89/charset_normalizer-3.5.2.tar.gz", hash = "sha256:39de2a259fc954455c57274dc94c79d5842774e1247a016aff30bc0efed0f4ef", size = 172659, upload-time = "2026-09-30T04:39:23.398Z" }
wheels = [
    { url = "https://files.pythonhosted.org/packages/98/77/46e87bcfc45d25ab4db7cfc9bb544bfa3ffd302289ed31ae93f5433eb899/charset_normalizer-3.5.2-cp310-cp310-macosx_10_9_universal2.whl", hash = "sha256:195c26fb65950f8fce54e26349852b7bdd7c5f120aeefbcc440b8a20faaed4a3", size = 373348, upload-time = "2026-09-30T04:34:42.843Z" },
    { url = "https://files.pythonhosted.org/packages/52/fc/e518013affcc43c9f919c3ba41bffe9b4ee4aceb0a6462a6243efcca5f2d/charset_normalizer-3.5.2-cp310-cp310-manylinux2014_aarch64.manylinux_2_17_aarch64.manylinux_2_28_aarch64.whl", hash = "sha256:9373ad13ef0d2c0fb761e04e55bfdee5a08b52cef2c882c8fbe9935b1517152e", size = 260860, upload-time = "2026-09-30T04:34:44.817Z" },
    { url = "https://files.pythonhosted.org/packages/d5/ad/2a895c945ee61988dfd9ccee64f0b78dc09f29c9b34d1dd545246d78e0ad/charset_normalizer-3.5.2-cp310-cp310-manylinux2014_armv7l.manylinux_2_17_armv7l.manylinux_2_31_armv7l.whl", hash = "sha256:ddf19c062bea7a0cc80f519243d2c01dd091be0cf952a0750d4ad576709559f5", size = 246491, upload-time = "2026-09-30T04:34:46.227Z" },
    { url = "https://files.pythonhosted.org/packages/c9/05/5d958bc8ea503e26be25ada5430fd409cfb45dc22ff33f9f96e649613c99/charset_normalizer-3.5.2-cp310-cp310-manylinux2014_ppc64le.manylinux_2_17_ppc64le.manylinux_2_28_ppc64le.whl", hash = "sha256:3d14b50de6bf4d0edf857a9386836846f982b8f524e188e2e68b96d702bcf4aa", size = 290875, upload-time = "2026-09-30T04:34:47.691Z" },
    { url = "https://files.pythonhosted.org/packages/55/e2/06bad57dfdb49cad92c0ba85b6b4fa5827a67df37897287cfef0553843c2/charset_normalizer-3.5.2-cp310-cp310-manylinux2014_s390x.manylinux_2_17_s390x.manylinux_2_28_s390x.whl", hash = "sha256:28a15fdad492a99b6eccfaaed66ef3f74050680545ea61ec8b2f4c538f1f1320", size = 286987, upload-time = "2026-09-30T04:34:49.356Z" },
    { url = "https://files.pythonhosted.org/packages/c4/9f/9f52d2886d52645987d603425482c63c5045a3005db1354a7097e5ed1ae9/charset_normalizer-3.5.2-cp310-cp310-manylinux2014_x86_64.manylinux_2_17_x86_64.manylinux_2_28_x86_64.whl", hash = "sha256:8a893cc101149f80a653f82062ebc95b34525a2614382e1da5458fe7c6997249", size = 271105, upload-time = "2026-09-30T04:34:50.957Z" },
    { url = "https://files.pythonhosted.org/packages/4a/41/e05e19578b7b87e7db2c3ecb884bd09d065274ab41e1f535542e8bae9b06/charset_normalizer-3.5.2-cp310-cp310-manylinux_2_31_riscv64.manylinux_2_39_riscv64.whl", hash = "sha256:619799369eeef6366ed3e8755a5670f4f2f0fb6b30a0fd7264dc0fdc2357058e", size = 269833, upload-time = "2026-09-30T04:34:52.623Z" },
    { url = "https://files.pythonhosted.org/packages/c2/cd/fc7152414561ff78f9c61a4a627025f65fd244abaefc99ac4e75c6169b33/charset_normalizer-3.5.2-cp310-cp310-musllinux_1_2_aarch64.whl", hash = "sha256:447441e76ec720b15e64418d32e092297340387053047c7c694f579efb0ee1d9", size = 263048, upload-time = "2026-09-30T04:34:54.013Z" },
    { url = "https://files.pythonhosted.org/packages/71/71/fb379e399b1013962716a059d551e03bd80b3e02f05d81246886af6c0958/charset_normalizer-3.5.2-cp310-cp310-musllinux_1_2_armv7l.whl", hash = "sha256:62588a277bfb59def052abd940703fa35107152bf479781a878617d60faf8fb5", size = 249237, upload-time = "2026-09-30T04:34:55.373Z" },
    { url = "https://files.pythonhosted.org/packages/33/4f/aeadccd6d20882909eb2597ec40eccc05d505e2262f14dc76d7620700657/charset_normalizer-3.5.2-cp310-cp310-musllinux_1_2_ppc64le.whl", hash = "sha256:44bd4fbb29dfbeba60e7d2bd000c59e4b21ddb3cc53912b14048d37092706d7c", size = 290756, upload-time = "2026-09-30T04:34:56.867Z" },
    { url = "https://files.pythonhosted.org/packages/b9/7b/e8a92613236b257d3b75d532496eb21f68ad8231d7d56df94497e460112e/charset_normalizer-3.5.2-cp310-cp310-musllinux_1_2_riscv64.whl", hash = "sha256:30fcd120b732aa79317f08dee04d7de0847822e4cf7ee0e9f445bb958832252c", size = 269026, upload-time = "2026-09-30T04:34:58.278Z" },
    { url = "https://files.pythonhosted.org/packages/ff/ac/21d5c6b972285c5f095ff78afdc99f3539e3985dfcf7ff1cfbe9e772f529/charset_normalizer-3.5.2-cp310-cp310-musllinux_1_2_s390x.whl", hash = "sha256:50e3adfb96fc189eb27b1cf62d3b598b89b4bb0420d93a3d3e42e137409011be", size = 287601, upload-time = "2026-09-30T04:34:59.703Z" },
    { url = "https://files.pythonhosted.org/packages/59/72/263491ec1494a194b16fcbff88a0220f2af633738c79e92b4d7189226322/charset_normalizer-3.5.2-cp310-cp310-musllinux_1_2_x86_64.whl", hash = "sha256:b736353c0a625bbd5fcec108576e2385db3496f4f771f785ff32e108d3c3bc45", size = 272660, upload-time = "2026-09-30T04:35:01.26Z" },
    { url = "https://files.pythonhosted.org/packages/38/7a/81f1186c57e406233969ae96b5fd0c907254ab8b6e47da8ae24cd20fb9d7/charset_normalizer-3.5.2-cp310-cp310-win32.whl", hash = "sha256:f5833ad231be5eb6553de524a70f48d71b2c8563101750531e0b80184e175cd4", size = 187301, upload-time = "2026-09-30T04:35:02.659Z" },
    { url = "https://files.pythonhosted.org/packages/ae/ab/fb8b5178fdf7bf68efa61cbe892286bc9f73846f26147d4725fb89388475/charset_normalizer-3.5.2-cp310-cp310-win_amd64.whl", hash = "sha256:1461ac396c4fdb983a675f20aa555624f0ee18ac83d832b9244ffff3d8055275", size = 215446, upload-time = "2026-09-30T04:35:04.011Z" },
    { url = "https://files.pythonhosted.org/packages/36/40/e270b74e0d3f583d78d902960845a149e80eb7c737ee5613ccc6efc7264b/charset_normalizer-3.5.2-cp310-cp310-win_arm64.whl", hash = "sha256:c6708715abcf3c73b99508253e961a9967f02fe536532834149574eda6de0d1c", size = 203389, upload-time = "2026-09-30T04:35:05.577Z" },
    { url = "https://files.pythonhosted.org/packages/22/67/6a0b94a7960d5e1b5eacd2fb529f3fccc47db4644f7f0a7cfdcfc3be578a/charset_normalizer-3.5.2-cp311-cp311-macosx_10_9_universal2.whl", hash = "sha256:3d21b8b13c7592db2ac5e544a6d83187b995257472b0c9e8351b6d507ae37ed6", size = 370642, upload-time = "2026-09-30T04:35:06.91Z" },
    { url = "https://files.pythonhosted.org/packages/fb/94/01009e13b94041599004edf32e56e382c24e570f60f79bab8efe45cfe1eb/charset_normalizer-3.5.2-cp311-cp311-manylinux2014_aarch64.manylinux_2_17_aarch64.manylinux_2_28_aarch64.whl", hash = "sha256:d760fe2a4d7c3b226cb9026d6a842868d52a7901bd98420e1baf14e80da85cf5", size = 259280, upload-time = "2026-09-30T04:35:08.448Z" },
    { url = "https://files.pythonhosted.org/packages/66/85/3b5358f60a13210f0b67d3755c168ef758701b021e655d88d4da28554467/charset_normalizer-3.5.2-cp311-cp311-manylinux2014_armv7l.manylinux_2_17_armv7l.manylinux_2_31_armv7l.whl", hash = "sha256:c9790464842f85f437dbbb54417eda1e0e6bfc52dd8d22d6fd1c994b73b2dc74", size = 245335, upload-time = "2026-09-30T04:35:10.104Z" },
    { url = "https://files.pythonhosted.org/packages/74/75/77c1c479b09ecd751d1e767b251ea5c14d4d50ff757bf404afab2692f600/charset_normalizer-3.5.2-cp311-cp311-manylinux2014_ppc64le.manylinux_2_17_ppc64le.manylinux_2_28_ppc64le.whl", hash = "sha256:4685902cf26edf013ed7a3da0f426ebba7a00ebb9541386d835afbf002c11cab", size = 291707, upload-time = "2026-09-30T04:35:11.575Z" },
    { url = "https://files.pythonhosted.org/packages/0b/0d/363f78cacb70f58f15f4b083961bbd9d292f335d3f5c66fc4f1cfe69cb90/charset_normalizer-3.5.2-cp311-cp311-manylinux2014_s390x.manylinux_2_17_s390x.manylinux_2_28_s390x.whl", hash = "sha256:4495c5002a7b28557e7e222e77e0b661183e432b7d6d2e788101e3f240e05b8c", size = 286747, upload-time = "2026-09-30T04:35:13.022Z" },
    { url = "https://files.pythonhosted.org/packages/e4/ed/cf505d3011ffceb12c2067a7a5d3cfe92b875d4d44bb0ff0d69375e2c184/charset_normalizer-3.5.2-cp311-cp311-manylinux2014_x86_64.manylinux_2_17_x86_64.manylinux_2_28_x86_64.whl", hash = "sha256:211d5a3eb6af8f513b8d4ca19a8c1b7accab1b5f0d3175f9826b03c1a920dc1f", size = 269972, upload-time = "2026-09-30T04:35:14.606Z" },
    { url = "https://files.pythonhosted.org/packages/15/d8/f0a93a431d170e7ca681d4f6650fee3de934d18560e474e7267eb4b0f987/charset_normalizer-3.5.2-cp311-cp311-manylinux_2_31_riscv64.manylinux_2_39_riscv64.whl", hash = "sha256:ef4fcbf3327382cd4c9f540babd61248208af7b93eec4de397b4d5f58a09e288", size = 269339, upload-time = "2026-09-30T04:35:16.087Z" },
    { url = "https://files.pythonhosted.org/packages/86/bd/9b2bd1c5b7af02462c9752d33994834ff972a96b4c483eefde9e594488e2/charset_normalizer-3.5.2-cp311-cp311-musllinux_1_2_aarch64.whl", hash = "sha256:bd16aabe4a02a297c23417aa17ac6299dbd8c49f673bcd645b4929b11f5a4400", size = 261683, upload-time = "2026-09-30T04:35:17.488Z" },
    { url = "https://files.pythonhosted.org/packages/76/a5/cac540ab0fd61f3fec88ad3dbb64509e71424593d73cfdfff5ab3e4db279/charset_normalizer-3.5.2-cp311-cp311-musllinux_1_2_armv7l.whl", hash = "sha256:fb9e68df06293761f9fe66ade60a9bc6d0f5e42b8acf2939a9158af86ab0e5bd", size = 248143, upload-time = "2026-09-30T04:35:18.849Z" },
    { url = "https://files.pythonhosted.org/packages/71/7a/ff467301deef2089fad87f72df9e000a26a78fec7acbb18e1999371b8369/charset_normalizer-3.5.2-cp311-cp311-musllinux_1_2_ppc64le.whl", hash = "sha256:59f63901b0031c3136cf64704dcb21de0bbae62ce2c9529bc39d27665463de37", size = 292358, upload-time = "2026-09-30T04:35:20.326Z" },
    { url = "https://files.pythonhosted.org/packages/ad/77/22d7e785d1e210afc2e2f58600dd1799d17a35665faf84383f002826c5f8/charset_normalizer-3.5.2-cp311-cp311-musllinux_1_2_riscv64.whl", hash = "sha256:304d5463e65a35d7bb0850550e0780395395f6fcf452f04db7d5ca7cecc425ac", size = 268766, upload-time = "2026-09-30T04:35:21.72Z" },
    { url = "https://files.pythonhosted.org/packages/ae/91/e8e946267f1c2d9e2bd651726e2fbd2addf02c4d36cea5069e32ca9d7bb5/charset_normalizer-3.5.2-cp311-cp311-musllinux_1_2_s390x.whl", hash = "sha256:9cf9b1a857e25c4baceeb3624e92a56df3668f398c4acba74e174d81fb4d1d3a", size = 287432, upload-time = "2026-09-30T04:35:23.273Z" },
    { url = "https://files.pythonhosted.org/packages/4e/88/7561d8a88d555e7df6623abe7c0070b4baf47549b9408783a2ae0a1a6cf7/charset_normalizer-3.5.2-cp311-cp311-musllinux_1_2_x86_64.whl", hash = "sha256:114e4d0c92d618409ed82a99e22b5c5e768fe995f2973f78265f4524f49d4640", size = 272470, upload-time = "2026-09-30T04:35:24.655Z" },
    { url = "https://files.pythonhosted.org/packages/35/7e/578c702301ec036f01455f30744a08d2b42f6ab35b9b2d4bf8cae0ef2a80/charset_normalizer-3.5.2-cp311-cp311-win32.whl", hash = "sha256:2625388c6c754520c37abaf3b41eb34d1cc4a373f457898f08606c8e362b891d", size = 186688, upload-time = "2026-09-30T04:35:26.225Z" },
    { url = "https://files.pythonhosted.org/packages/e8/fc/fdf8cf52ff21cd5bf158f20978991cf985325842f74283eb6df26c8a39d8/charset_normalizer-3.5.2-cp311-cp311-win_amd64.whl", hash = "sha256:87e50a3e7cb90af586b6c5faf23e302a970415ac73bd7bd90a515a04b427ef96", size = 214932, upload-time = "2026-09-30T04:35:27.796Z" },
    { url = "https://files.pythonhosted.org/packages/97/66/3e45a506d8110b632541faf9a9470185aa9878f1ed44020f31346c1c5e5b/charset_normalizer-3.5.2-cp311-cp311-win_arm64.whl", hash = "sha256:254eb48b9fa5ee9898a3c445825a1f340fe53712a098904b39b0bddba8ea3cb1", size = 202828, upload-time = "2026-09-30T04:35:29.259Z" },
    { url = "https://files.pythonhosted.org/packages/e7/c8/693809898870237d82785a03f3b2b58fe4c9f14669f84a7d4e623c92a59e/charset_normalizer-3.5.2-cp312-cp312-macosx_10_13_universal2.whl", hash = "sha256:ed2a239c0ea213acc1908150a3037257083c7c083128f1a4cec2ec4b97dca491", size = 367780, upload-time = "2026-09-30T04:35:30.888Z" },
    { url = "https://files.pythonhosted.org/packages/c9/87/2fea8c13dc24b3ca9c6f803a5b2dfdeae73eb4f9e12c7885ed908ff0433c/charset_normalizer-3.5.2-cp312-cp312-manylinux2014_aarch64.manylinux_2_17_aarch64.manylinux_2_28_aarch64.whl", hash = "sha256:b91363207bd9dc966a691e959bb47f64b30f7ac4b072be9968b366982f7db77c", size = 246730, upload-time = "2026-09-30T04:35:32.286Z" },
    { url = "https://files.pythonhosted.org/packages/a8/9e/09efac30b937722f46d3110ba30b875b24b2e3a266ed746cc4e376a94d80/charset_normalizer-3.5.2-cp312-cp312-manylinux2014_armv7l.manylinux_2_17_armv7l.manylinux_2_31_armv7l.whl", hash = "sha256:38a873987f3be698494da8b2e3085e29da02da7b633dce73e79c699a113d7bf0", size = 237707, upload-time = "2026-09-30T04:35:33.709Z" },
    { url = "https://files.pythonhosted.org/packages/9e/18/70d76670b13686237863a379928d60bd10e021f17d243ab3d7014c4a5f4e/charset_normalizer-3.5.2-cp312-cp312-manylinux2014_ppc64le.manylinux_2_17_ppc64le.manylinux_2_28_ppc64le.whl", hash = "sha256:355ad8011081dec5412240c087a9a0c9d4d5039f3ed11a3f13e18c2b29b56c51", size = 273050, upload-time = "2026-09-30T04:35:35.138Z" },
    { url = "https://files.pythonhosted.org/packages/54/e2/77a8b09d5adc013ed07b95b01b8b8fa5441c4e810e83ee7e4aae2fa4d91a/charset_normalizer-3.5.2-cp312-cp312-manylinux2014_s390x.manylinux_2_17_s390x.manylinux_2_28_s390x.whl", hash = "sha256:ee21e28f0430bd6dc9086c6e525d5e818a44a5ad19720c8a0ef766792f3eb5e5", size = 270345, upload-time = "2026-09-30T04:35:36.502Z" },
    { url = "https://files.pythonhosted.org/packages/7f/c5/38806a25ab5e65fc178f39affeda20858efafede2fce1ffc2556cfc9fe73/charset_normalizer-3.5.2-cp312-cp312-manylinux2014_x86_64.manylinux_2_17_x86_64.manylinux_2_28_x86_64.whl", hash = "sha256:3d31298449090ab8d47b7b1b2a555ff73cac7ed438a08b7ac160980c7ebed649", size = 257601, upload-time = "2026-09-30T04:35:37.919Z" },
    { url = "https://files.pythonhosted.org/packages/ae/8d/213565184708fdb263ae55e2c04ee1ff748129dd65d48ed0e3502da9c85a/charset_normalizer-3.5.2-cp312-cp312-manylinux_2_31_riscv64.manylinux_2_39_riscv64.whl", hash = "sha256:5cde776b7cc66e4f6c99612cea4aa7269aa65863f7a15841b2c264f103822f4e", size = 252222, upload-time = "2026-09-30T04:35:39.544Z" },
    { url = "https://files.pythonhosted.org/packages/7e/24/76d2cefc25472531e4c5c7dfff68865eb1c39b78482f0fdc15b46f047830/charset_normalizer-3.5.2-cp312-cp312-musllinux_1_2_aarch64.whl", hash = "sha256:ae4f5fea5b8b8ccff88238cc8569303e5ee95efae67fa62922a311397a71f346", size = 248482, upload-time = "2026-09-30T04:35:41.088Z" },
    { url = "https://files.pythonhosted.org/packages/7d/dc/65a801b66ab4c197e22c433ab25e7ac24324ac6f45a2269aca42cce309bf/charset_normalizer-3.5.2-cp312-cp312-musllinux_1_2_armv7l.whl", hash = "sha256:f7d486c83842422badd511868fd8a9a20e9407ace71564b6af47ce7e60a336c1", size = 241206, upload-time = "2026-09-30T04:35:42.59Z" },
    { url = "https://files.pythonhosted.org/packages/a7/95/ca9b5eabde673002c6f1e7ada1b223916fe18f6d661da7aabd4d643718f1/charset_normalizer-3.5.2-cp312-cp312-musllinux_1_2_ppc64le.whl", hash = "sha256:11a4d68a6ecda3292cb1e50239e111543ba5d709bb62a6b4ea1afcfa729d8875", size = 273190, upload-time = "2026-09-30T04:35:44.347Z" },
    { url = "https://files.pythonhosted.org/packages/2d/8b/803b4d2a3f6e1740f63f1e87b04d14b42f3d4fdfe6ed7d4db2d34102b14f/charset_normalizer-3.5.2-cp312-cp312-musllinux_1_2_riscv64.whl", hash = "sha256:d6734d2ef8a50fbf8445c139477da401f50d62a0606bf00e20ec6d87773fefb1", size = 253527, upload-time = "2026-09-30T04:35:45.915Z" },
    { url = "https://files.pythonhosted.org/packages/a9/55/93c0e5dbd085ae0471346026abbe7e0db9ea2d6fea74e51f0b5a46f233a7/charset_normalizer-3.5.2-cp312-cp312-musllinux_1_2_s390x.whl", hash = "sha256:a815775b6c38d4e0ff7bcffbeba67feded90202bb6a226b8dd35f1c855217413", size = 271285, upload-time = "2026-09-30T04:35:47.49Z" },
    { url = "https://files.pythonhosted.org/packages/95/69/0dbd0e0b9b16cfa816cdfcb3e2e3854a1f680dc07fb1245ea125e7448060/charset_normalizer-3.5.2-cp312-cp312-musllinux_1_2_x86_64.whl", hash = "sha256:23851fb4e1b85ed3f6c2a27b777cdfe2e19fb5b38429a8faf38c7542b7665869", size = 260010, upload-time = "2026-09-30T04:35:48.996Z" },
    { url = "https://files.pythonhosted.org/packages/58/9d/e7b88e7b1bf403590c3b573277b5e1e488c68c7a6fbacca310a2c324e90c/charset_normalizer-3.5.2-cp312-cp312-win32.whl", hash = "sha256:db19d07e2e0129e974a0e65d0064fc222a446cd5122c2fd4184d2af9fc734a9e", size = 184125, upload-time = "2026-09-30T04:35:50.777Z" },
    { url = "https://files.pythonhosted.org/packages/eb/e6/e6e083884cbcfd49c64865af05027fe7011be7b2d9179524f099a1b611f3/charset_normalizer-3.5.2-cp312-cp312-win_amd64.whl", hash = "sha256:780fbe7cab297b81dad9fb8dc5eb003c0468ffb0d9e5f65068c53a34661a96bc", size = 207486, upload-time = "2026-09-30T04:35:52.194Z" },
    { url = "https://files.pythonhosted.org/packages/c4/e3/017aea0911ada7405a825c7d937eb3a13009664e2f5b38e8c4bbf2abf894/charset_normalizer-3.5.2-cp312-cp312-win_arm64.whl", hash = "sha256:e2af3aad578aa6bd1384bcf4750fc285e5a9de53f40b7d41e5a0bf748edeb2b3", size = 196734, upload-time = "2026-09-30T04:35:53.636Z" },
    { url = "https://files.pythonhosted.org/packages/8c/ab/176fbfd5b64939c55d652366aa5b9ef1d767af207a3aa6ebeb0d226c484d/charset_normalizer-3.5.2-cp37-abi3-macosx_10_9_universal2.whl", hash = "sha256:4275811936e2f06feff5e598fb42a1b7ae852da8e39605211892b56b81a34efd", size = 331815, upload-time = "2026-09-30T04:38:26.216Z" },
    { url = "https://files.pythonhosted.org/packages/7e/84/371eac6b30bdbcbf2d632a1a01809103459216fcaae61b8b8d922c1bfb8a/charset_normalizer-3.5.2-cp37-abi3-manylinux1_x86_64.manylinux_2_28_x86_64.manylinux_2_5_x86_64.whl", hash = "sha256:1c50fe28bbc2ced33386f298650d91218076c05420e6cbd790b913adc41659e7", size = 253276, upload-time = "2026-09-30T04:38:28.032Z" },
    { url = "https://files.pythonhosted.org/packages/43/6f/c4fbae58febff71709c51bc7e18fdfa55341dc382704740f9f0cbf03817b/charset_normalizer-3.5.2-cp37-abi3-manylinux2014_aarch64.manylinux_2_17_aarch64.manylinux_2_28_aarch64.whl", hash = "sha256:d19fbd981a488e22cd04883659ca6b08f50b5974f9fd7c95655ef6a043e5893f", size = 241239, upload-time = "2026-09-30T04:38:29.732Z" },
    { url = "https://files.pythonhosted.org/packages/61/71/458c3f42164a07d0c5210798e9e704b39e540a6793b05aba67f3a35243a9/charset_normalizer-3.5.2-cp37-abi3-manylinux2014_armv7l.manylinux_2_17_armv7l.manylinux_2_31_armv7l.whl", hash = "sha256:0fed1d06615f022ee3b13caf5e8b180cfea32bb2c5aded8a9d44277afc040f93", size = 231121, upload-time = "2026-09-30T04:38:31.462Z" },
    { url = "https://files.pythonhosted.org/packages/09/54/ab9e89367076f6331bb6c65c4bf14a5361fa5191cb6561bf534f18504e1b/charset_normalizer-3.5.2-cp37-abi3-manylinux2014_ppc64le.manylinux_2_17_ppc64le.manylinux_2_28_ppc64le.whl", hash = "sha256:838dcc90063569a0448120554591a1d6c4a4ffe11babf048908793154ab86ade", size = 260350, upload-time = "2026-09-30T04:38:33.239Z" },
    { url = "https://files.pythonhosted.org/packages/7c/c1/061431ecc688d9d76602502cb57cc01e691e682c18f1beb45f9673b5bbd2/charset_normalizer-3.5.2-cp37-abi3-manylinux2014_s390x.manylinux_2_17_s390x.manylinux_2_28_s390x.whl", hash = "sha256:2ce45c6627b22c47e390bc91a41c3d13032192e699fa0bea96e9671b373d69b0", size = 255430, upload-time = "2026-09-30T04:38:34.865Z" },
    { url = "https://files.pythonhosted.org/packages/8d/1f/20c8949f0676f7ab811abdeb7f4d7f1cbc6e61ff20bef08b44edeb092bc8/charset_normalizer-3.5.2-cp37-abi3-manylinux_2_31_riscv64.manylinux_2_39_riscv64.whl", hash = "sha256:0774bf9bf620249fee3e0b8b9fd3065de213be30f3aa94ce2494b3b638949e26", size = 250612, upload-time = "2026-09-30T04:38:36.649Z" },
    { url = "https://files.pythonhosted.org/packages/2b/9e/46f2fa4c431fc98c4ae76a8cb5bdca54e0341e3cfc3fcfd8e82740250818/charset_normalizer-3.5.2-cp37-abi3-musllinux_1_2_aarch64.whl", hash = "sha256:1db38f4c5496827c1a501846d64d14c3b80c7e6714e406cd7dc36a9899fa1011", size = 242083, upload-time = "2026-09-30T04:38:38.26Z" },
    { url = "https://files.pythonhosted.org/packages/bd/39/559be29a0c0f086e0bba6922babd38916cc5e0b58ced4de13ee01ea05508/charset_normalizer-3.5.2-cp37-abi3-musllinux_1_2_armv7l.whl", hash = "sha256:304d8e4d493af723536393eee0c689eb7813f4a474c8b479dee63f1fdd98f621", size = 232738, upload-time = "2026-09-30T04:38:39.81Z" },
    { url = "https://files.pythonhosted.org/packages/ff/6c/387b0e4f756a282831c1d9fc6aeb6c51ca4507ca202767c8de15ce9b12e2/charset_normalizer-3.5.2-cp37-abi3-musllinux_1_2_ppc64le.whl", hash = "sha256:9b7f416ff0978e2f2249330527f0ad6fa02f4932e6199692d3b52da2048c19e4", size = 260703, upload-time = "2026-09-30T04:38:41.346Z" },
    { url = "https://files.pythonhosted.org/packages/96/92/1fdf015f09ef449f50d3ac4b67c90887c9c318b727daa95cc4f866e6521d/charset_normalizer-3.5.2-cp37-abi3-musllinux_1_2_riscv64.whl", hash = "sha256:01077390b03f7988f11d700a2194e69b119741a86b1a638b1db88891e3eced8e", size = 247622, upload-time = "2026-09-30T04:38:42.937Z" },
    { url = "https://files.pythonhosted.org/packages/dc/3c/8e7b8a5671ad5d433669fb2a76f1a0164df2d9b1718b0206bc2a16d840cc/charset_normalizer-3.5.2-cp37-abi3-musllinux_1_2_s390x.whl", hash = "sha256:7e841fb9010836c992c9f12fcbd43a831de93a5f726fc1ccd8ca1d0268c5014c", size = 257500, upload-time = "2026-09-30T04:38:44.604Z" },
    { url = "https://files.pythonhosted.org/packages/b4/f0/45b579df5cabc1d5d53ea1cc35e8437d3ca768c0acccc7041517cb6fbb32/charset_normalizer-3.5.2-cp37-abi3-musllinux_1_2_x86_64.whl", hash = "sha256:9cae88599c7219005d879f98e5ed53341e9a122af585e1091200358a3003d2a0", size = 255100, upload-time = "2026-09-30T04:38:46.289Z" },
    { url = "https://files.pythonhosted.org/packages/31/68/fdec18a343f5fb3f310588dd478b09ac4799e0b187dbade3a8cd776f03ef/charset_normalizer-3.5.2-cp37-abi3-win32.whl", hash = "sha256:01b0c0d2262a9e28e8484a278c7e1b5d650e3ac8cf2683d2967e25899f208bdf", size = 174499, upload-time = "2026-09-30T04:38:47.999Z" },
    { url = "https://files.pythonhosted.org/packages/9d/8a/b618149cc5207943a0242068d7a27897f56a62947b5a039085f2a22029f8/charset_normalizer-3.5.2-cp37-abi3-win_amd64.whl", hash = "sha256:9f56f72050826f63dcee7a7f55b0a77168cb3bfc553fd405e7f8f9ece75a4036", size = 200092, upload-time = "2026-09-30T04:38:49.707Z" },
    { url = "https://files.pythonhosted.org/packages/03/cf/4c66866fa9e2b1c78e3c911516d1de497a677b7ac60f1eceda74ce777ca3/charset_normalizer-3.5.2-cp37-abi3-win_arm64.whl", hash = "sha256:40ab6bffa02ae10a0581e6c198be7d2d8ca5c2a0c64e4ed3465d766df457573e", size = 294363, upload-time = "2026-09-30T04:38:51.312Z" },
    { url = "https://files.pythonhosted.org/packages/fc/ad/d07d7862a62ffa6d79d68074d14823243dd235a77c45262acbf6adeb28bf/charset_normalizer-3.5.2-py3-none-any.whl", hash = "sha256:b6b751274acb69d77b3323d6b7dbaa3c7fdfc1eb829b7eb61d262f32e1af9685", size = 68872, upload-time = "2026-09-30T04:39:21.828Z" },
]

[[package]]
name = "colorama"
version = "0.4.6"
source = { registry = "https://pypi.org/simple" }
sdist = { url = "https://files.pythonhosted.org/packages/d8/53/6f443c9a4a8358a93a6792e2acffb9d9d5cb0a5cfd8802644b7b1c9a02e4/colorama-0.4.6.tar.gz", hash = "sha256:08695f5cb7ed6e0531a20572697297273c47b8cae5a63ffc6d6ed5c201be6e44", size = 27697, upload-time = "2022-10-25T02:36:22.414Z" }
wheels = [
    { url = "https://files.pythonhosted.org/packages/d1/d6/3965ed04c63042e047cb6a3e6ed1a63a35087b6a609aa3a15ed8ac56c221/colorama-0.4.6-py2.py3-none-any.whl", hash = "sha256:4f1d9991f5acc0ca119f9d443620b77f9d6b33703e51011c16baf57afb285fc6", size = 25335, upload-time = "2022-10-25T02:36:20.889Z" },
]

[[package]]
name = "exceptiongroup"
version = "1.3.1"
source = { registry = "https://pypi.org/simple" }
dependencies = [
    { name = "typing-extensions" },
]
sdist = { url = "https://files.pythonhosted.org/packages/50/79/66800aadf48771f6b62f7eb014e352e5d06856655206165d775e675a02c9/exceptiongroup-1.3.1.tar.gz", hash = "sha256:8b412432c6055b0b7d14c310000ae93352ed6754f70fa8f7c34141f91c4e3219", size = 30371, upload-time = "2025-11-21T23:01:54.787Z" }
wheels = [
    { url = "https://files.pythonhosted.org/packages/8a/0e/97c33bf5009bdbac74fd2beace167cab3f978feb69cc36f1ef79360d6c4e/exceptiongroup-1.3.1-py3-none-any.whl", hash = "sha256:a7a39a3bd276781e98394987d3a5701d0c4edffb633bb7a5144577f82c773598", size = 16740, upload-time = "2025-11-21T23:01:53.443Z" },
]

[[package]]
name = "idna"
version = "3.20"
source = { registry = "https://pypi.org/simple" }
sdist = { url = "https://files.pythonhosted.org/packages/f5/08/8eea9d4b8302028f3abb2c0813953f7aec26d33b7a8960ed760e65ff29fa/idna-3.20.tar.gz", hash = "sha256:a7db850025b95ded1eae8a46181a1a6c56c92c96f0e2b005d9ff8dc0210cab44", size = 216463, upload-time = "2026-09-17T14:11:04.752Z" }
wheels = [
    { url = "https://files.pythonhosted.org/packages/58/a2/bb081bab032533a855d44de1d56f8e8426114ff1ba5d1f07a438a0a654f8/idna-3.20-py3-none-any.whl", hash = "sha256:ab7ae7122974553370f0bdb919e1a960b2cd1bc1ef0276416d896db81c14582c", size = 69583, upload-time = "2026-09-17T14:11:03.168Z" },
]

[[package]]
name = "iniconfig"
version = "2.3.0"
source = { registry = "https://pypi.org/simple" }
sdist = { url = "https://files.pythonhosted.org/packages/72/34/14ca021ce8e5dfedc35312d08ba8bf51fdd999c576889fc2c24cb97f4f10/iniconfig-2.3.0.tar.gz", hash = "sha256:c76315c77db068650d49c5b56314774a7804df16fee4402c1f19d6d15d8c4730", size = 20503, upload-time = "2025-10-18T21:55:43.219Z" }
wheels = [
    { url = "https://files.pythonhosted.org/packages/cb/b1/3846dd7f199d53cb17f49cba7e651e9ce294d8497c8c150530ed11865bb8/iniconfig-2.3.0-py3-none-any.whl", hash = "sha256:f631c04d2c48c52b84d0d0549c99ff3859c98df65b3101406327ecc7d53fbf12", size = 7484, upload-time = "2025-10-18T21:55:41.639Z" },
]

[[package]]
name = "mlip-playlist-project"
version = "0.1.0"
source = { virtual = "." }
dependencies = [
    { name = "python-dotenv" },
    { name = "requests" },
    { name = "spotipy" },
    { name = "ytmusicapi" },
]

[package.dev-dependencies]
dev = [
    { name = "pytest" },
]

[package.metadata]
requires-dist = [
    { name = "python-dotenv", specifier = ">=1,<2" },
    { name = "requests", specifier = ">=2.32,<3" },
    { name = "spotipy", specifier = ">=2.25,<3" },
    { name = "ytmusicapi", specifier = "==1.12.3" },
]

[package.metadata.requires-dev]
dev = [{ name = "pytest", specifier = ">=8,<9" }]

[[package]]
name = "packaging"
version = "26.3"
source = { registry = "https://pypi.org/simple" }
sdist = { url = "https://files.pythonhosted.org/packages/7d/fa/3944b40b07da9ce895c0e6303a5ab7d53da063554f534556b134a54d6093/packaging-26.3.tar.gz", hash = "sha256:94edc256424af38762eb31306eed28beb9f0efc50a8837492c9d6fd6004aed79", size = 313412, upload-time = "2026-08-04T18:15:28.737Z" }
wheels = [
    { url = "https://files.pythonhosted.org/packages/63/34/ba1c580383c9eada3711951fef0795c80b829a078d72188184bcab9dd527/packaging-26.3-py3-none-any.whl", hash = "sha256:d7193f7c8e4e93f444fde0262bf90af30e16fa0ad0ad44cb553c87339b23cd1c", size = 129956, upload-time = "2026-08-04T18:15:27.159Z" },
]

[[package]]
name = "pluggy"
version = "1.6.0"
source = { registry = "https://pypi.org/simple" }
sdist = { url = "https://files.pythonhosted.org/packages/f9/e2/3e91f31a7d2b083fe6ef3fa267035b518369d9511ffab804f839851d2779/pluggy-1.6.0.tar.gz", hash = "sha256:7dcc130b76258d33b90f61b658791dede3486c3e6bfb003ee5c9bfb396dd22f3", size = 69412, upload-time = "2025-05-15T12:30:07.975Z" }
wheels = [
    { url = "https://files.pythonhosted.org/packages/54/20/4d324d65cc6d9205fabedc306948156824eb9f0ee1633355a8f7ec5c66bf/pluggy-1.6.0-py3-none-any.whl", hash = "sha256:e920276dd6813095e9377c0bc5566d94c932c33b27a3e3945d8389c374dd4746", size = 20538, upload-time = "2025-05-15T12:30:06.134Z" },
]

[[package]]
name = "pygments"
version = "2.21.0"
source = { registry = "https://pypi.org/simple" }
sdist = { url = "https://files.pythonhosted.org/packages/49/2e/ced460408999b33da6b31b0021b0f37d329e202d4169aeb164493778f25b/pygments-2.21.0.tar.gz", hash = "sha256:610ca751c9bc2492b38eb9a38a7fbc93edbbb2d7182edaf34e66ae493dee5c8c", size = 5005329, upload-time = "2026-08-17T08:02:48.824Z" }
wheels = [
    { url = "https://files.pythonhosted.org/packages/71/46/17f022dd3e953bf20a04a028a21ec746d942f8d2af30fa0f124fa0e6a684/pygments-2.21.0-py3-none-any.whl", hash = "sha256:2363c69b61c4a97c838da3b130dcd6468f4848992b21a82f2a63ec34377137d9", size = 1250147, upload-time = "2026-08-17T08:02:44.912Z" },
]

[[package]]
name = "pytest"
version = "8.4.2"
source = { registry = "https://pypi.org/simple" }
dependencies = [
    { name = "colorama", marker = "sys_platform == 'win32'" },
    { name = "exceptiongroup", marker = "python_full_version < '3.11'" },
    { name = "iniconfig" },
    { name = "packaging" },
    { name = "pluggy" },
    { name = "pygments" },
    { name = "tomli", marker = "python_full_version < '3.11'" },
]
sdist = { url = "https://files.pythonhosted.org/packages/a3/5c/00a0e072241553e1a7496d638deababa67c5058571567b92a7eaa258397c/pytest-8.4.2.tar.gz", hash = "sha256:86c0d0b93306b961d58d62a4db4879f27fe25513d4b969df351abdddb3c30e01", size = 1519618, upload-time = "2025-09-04T14:34:22.711Z" }
wheels = [
    { url = "https://files.pythonhosted.org/packages/a8/a4/20da314d277121d6534b3a980b29035dcd51e6744bd79075a6ce8fa4eb8d/pytest-8.4.2-py3-none-any.whl", hash = "sha256:872f880de3fc3a5bdc88a11b39c9710c3497a547cfa9320bc3c5e62fbf272e79", size = 365750, upload-time = "2025-09-04T14:34:20.226Z" },
]

[[package]]
name = "python-dotenv"
version = "1.2.4"
source = { registry = "https://pypi.org/simple" }
sdist = { url = "https://files.pythonhosted.org/packages/74/26/2fbeedb218a787a5eea551c7532cac4e009f83d689dd2faa0d0353473f86/python_dotenv-1.2.4.tar.gz", hash = "sha256:f0d53e69935a851c0dcc78f3ab7aaccd8cabef0b92382b576b824212902873c0", size = 60824, upload-time = "2026-10-01T05:36:10Z" }
wheels = [
    { url = "https://files.pythonhosted.org/packages/60/d1/38f3a3405989a89ac18390803e70c6ad7c7760da4f9b83cbeca0c44a0c72/python_dotenv-1.2.4-py3-none-any.whl", hash = "sha256:42269a8a5b3fd54ffa6f3d84b18abed50064717576b4ecf03dc4a55d8aa04fdc", size = 23266, upload-time = "2026-10-01T05:36:08.633Z" },
]

[[package]]
name = "redis"
version = "8.1.0"
source = { registry = "https://pypi.org/simple" }
dependencies = [
    { name = "async-timeout", marker = "python_full_version < '3.11.3'" },
]
sdist = { url = "https://files.pythonhosted.org/packages/a8/99/604f0b666d4c616d891cf77ebb9db6bb21601344c051aebf1b72b9ff915f/redis-8.1.0.tar.gz", hash = "sha256:6e1a19beef9225c83efd689c7e6b7da2d5215b1f42cd13b7fc3714d0a09c7b25", size = 5254356, upload-time = "2026-07-30T08:51:00.269Z" }
wheels = [
    { url = "https://files.pythonhosted.org/packages/66/9d/c5731f6e3608663d4d3656fd8d3aecee8b509c3082818f5a13eae925baea/redis-8.1.0-py3-none-any.whl", hash = "sha256:a4fe1aac3d3b3cc791d4b3d5931c5a956045dc951ee74d1c913ee3ac4d2ee9fb", size = 560618, upload-time = "2026-07-30T08:50:58.497Z" },
]

[[package]]
name = "requests"
version = "2.34.2"
source = { registry = "https://pypi.org/simple" }
dependencies = [
    { name = "certifi" },
    { name = "charset-normalizer" },
    { name = "idna" },
    { name = "urllib3" },
]
sdist = { url = "https://files.pythonhosted.org/packages/ac/c3/e2a2b89f2d3e2179abd6d00ebd70bff6273f37fb3e0cc209f48b39d00cbf/requests-2.34.2.tar.gz", hash = "sha256:f288924cae4e29463698d6d60bc6a4da69c89185ad1e0bcc4104f584e960b9ed", size = 142856, upload-time = "2026-05-14T19:25:27.735Z" }
wheels = [
    { url = "https://files.pythonhosted.org/packages/a0/f4/c67b0b3f1b9245e8d266f0f112c500d50e5b4e83cb6f3b71b6528104182a/requests-2.34.2-py3-none-any.whl", hash = "sha256:2a0d60c172f83ac6ab31e4554906c0f3b3588d37b5cb939b1c061f4907e278e0", size = 73075, upload-time = "2026-05-14T19:25:26.443Z" },
]

[[package]]
name = "spotipy"
version = "2.26.0"
source = { registry = "https://pypi.org/simple" }
dependencies = [
    { name = "redis" },
    { name = "requests" },
    { name = "urllib3" },
]
sdist = { url = "https://files.pythonhosted.org/packages/88/00/2de6f99c9b8e5fd519fd55b11ec94b8e97a51e8a9fdf546edfe6aaf8727b/spotipy-2.26.0.tar.gz", hash = "sha256:df6a25d8209072efa8cea165608ee644884e3804f8762b6d8e06ca1a5c7f8a63", size = 45292, upload-time = "2026-03-03T16:37:39.367Z" }
wheels = [
    { url = "https://files.pythonhosted.org/packages/f5/ff/594b82c19b3291eb3f9454beba7f74f19753035fb9b3e54eebd5ae5013a6/spotipy-2.26.0-py3-none-any.whl", hash = "sha256:2726854ddfa0e5624aada592e737832ec75bdc00ae12c102779f8bd995329d49", size = 31985, upload-time = "2026-03-03T16:37:38.225Z" },
]

[[package]]
name = "tomli"
version = "2.4.1"
source = { registry = "https://pypi.org/simple" }
sdist = { url = "https://files.pythonhosted.org/packages/22/de/48c59722572767841493b26183a0d1cc411d54fd759c5607c4590b6563a6/tomli-2.4.1.tar.gz", hash = "sha256:7c7e1a961a0b2f2472c1ac5b69affa0ae1132c39adcb67aba98568702b9cc23f", size = 17543, upload-time = "2026-03-25T20:22:03.828Z" }
wheels = [
    { url = "https://files.pythonhosted.org/packages/f4/11/db3d5885d8528263d8adc260bb2d28ebf1270b96e98f0e0268d32b8d9900/tomli-2.4.1-cp311-cp311-macosx_10_9_x86_64.whl", hash = "sha256:f8f0fc26ec2cc2b965b7a3b87cd19c5c6b8c5e5f436b984e85f486d652285c30", size = 154704, upload-time = "2026-03-25T20:21:10.473Z" },
    { url = "https://files.pythonhosted.org/packages/6d/f7/675db52c7e46064a9aa928885a9b20f4124ecb9bc2e1ce74c9106648d202/tomli-2.4.1-cp311-cp311-macosx_11_0_arm64.whl", hash = "sha256:4ab97e64ccda8756376892c53a72bd1f964e519c77236368527f758fbc36a53a", size = 149454, upload-time = "2026-03-25T20:21:12.036Z" },
    { url = "https://files.pythonhosted.org/packages/61/71/81c50943cf953efa35bce7646caab3cf457a7d8c030b27cfb40d7235f9ee/tomli-2.4.1-cp311-cp311-manylinux2014_aarch64.manylinux_2_17_aarch64.manylinux_2_28_aarch64.whl", hash = "sha256:96481a5786729fd470164b47cdb3e0e58062a496f455ee41b4403be77cb5a076", size = 237561, upload-time = "2026-03-25T20:21:13.098Z" },
    { url = "https://files.pythonhosted.org/packages/48/c1/f41d9cb618acccca7df82aaf682f9b49013c9397212cb9f53219e3abac37/tomli-2.4.1-cp311-cp311-manylinux2014_x86_64.manylinux_2_17_x86_64.manylinux_2_28_x86_64.whl", hash = "sha256:5a881ab208c0baf688221f8cecc5401bd291d67e38a1ac884d6736cbcd8247e9", size = 243824, upload-time = "2026-03-25T20:21:14.569Z" },
    { url = "https://files.pythonhosted.org/packages/22/e4/5a816ecdd1f8ca51fb756ef684b90f2780afc52fc67f987e3c61d800a46d/tomli-2.4.1-cp311-cp311-musllinux_1_2_aarch64.whl", hash = "sha256:47149d5bd38761ac8be13a84864bf0b7b70bc051806bc3669ab1cbc56216b23c", size = 242227, upload-time = "2026-03-25T20:21:15.712Z" },
    { url = "https://files.pythonhosted.org/packages/6b/49/2b2a0ef529aa6eec245d25f0c703e020a73955ad7edf73e7f54ddc608aa5/tomli-2.4.1-cp311-cp311-musllinux_1_2_x86_64.whl", hash = "sha256:ec9bfaf3ad2df51ace80688143a6a4ebc09a248f6ff781a9945e51937008fcbc", size = 247859, upload-time = "2026-03-25T20:21:17.001Z" },
    { url = "https://files.pythonhosted.org/packages/83/bd/6c1a630eaca337e1e78c5903104f831bda934c426f9231429396ce3c3467/tomli-2.4.1-cp311-cp311-win32.whl", hash = "sha256:ff2983983d34813c1aeb0fa89091e76c3a22889ee83ab27c5eeb45100560c049", size = 97204, upload-time = "2026-03-25T20:21:18.079Z" },
    { url = "https://files.pythonhosted.org/packages/42/59/71461df1a885647e10b6bb7802d0b8e66480c61f3f43079e0dcd315b3954/tomli-2.4.1-cp311-cp311-win_amd64.whl", hash = "sha256:5ee18d9ebdb417e384b58fe414e8d6af9f4e7a0ae761519fb50f721de398dd4e", size = 108084, upload-time = "2026-03-25T20:21:18.978Z" },
    { url = "https://files.pythonhosted.org/packages/b8/83/dceca96142499c069475b790e7913b1044c1a4337e700751f48ed723f883/tomli-2.4.1-cp311-cp311-win_arm64.whl", hash = "sha256:c2541745709bad0264b7d4705ad453b76ccd191e64aa6f0fc66b69a293a45ece", size = 95285, upload-time = "2026-03-25T20:21:20.309Z" },
    { url = "https://files.pythonhosted.org/packages/c1/ba/42f134a3fe2b370f555f44b1d72feebb94debcab01676bf918d0cb70e9aa/tomli-2.4.1-cp312-cp312-macosx_10_13_x86_64.whl", hash = "sha256:c742f741d58a28940ce01d58f0ab2ea3ced8b12402f162f4d534dfe18ba1cd6a", size = 155924, upload-time = "2026-03-25T20:21:21.626Z" },
    { url = "https://files.pythonhosted.org/packages/dc/c7/62d7a17c26487ade21c5422b646110f2162f1fcc95980ef7f63e73c68f14/tomli-2.4.1-cp312-cp312-macosx_11_0_arm64.whl", hash = "sha256:7f86fd587c4ed9dd76f318225e7d9b29cfc5a9d43de44e5754db8d1128487085", size = 150018, upload-time = "2026-03-25T20:21:23.002Z" },
    { url = "https://files.pythonhosted.org/packages/5c/05/79d13d7c15f13bdef410bdd49a6485b1c37d28968314eabee452c22a7fda/tomli-2.4.1-cp312-cp312-manylinux2014_aarch64.manylinux_2_17_aarch64.manylinux_2_28_aarch64.whl", hash = "sha256:ff18e6a727ee0ab0388507b89d1bc6a22b138d1e2fa56d1ad494586d61d2eae9", size = 244948, upload-time = "2026-03-25T20:21:24.04Z" },
    { url = "https://files.pythonhosted.org/packages/10/90/d62ce007a1c80d0b2c93e02cab211224756240884751b94ca72df8a875ca/tomli-2.4.1-cp312-cp312-manylinux2014_x86_64.manylinux_2_17_x86_64.manylinux_2_28_x86_64.whl", hash = "sha256:136443dbd7e1dee43c68ac2694fde36b2849865fa258d39bf822c10e8068eac5", size = 253341, upload-time = "2026-03-25T20:21:25.177Z" },
    { url = "https://files.pythonhosted.org/packages/1a/7e/caf6496d60152ad4ed09282c1885cca4eea150bfd007da84aea07bcc0a3e/tomli-2.4.1-cp312-cp312-musllinux_1_2_aarch64.whl", hash = "sha256:5e262d41726bc187e69af7825504c933b6794dc3fbd5945e41a79bb14c31f585", size = 248159, upload-time = "2026-03-25T20:21:26.364Z" },
    { url = "https://files.pythonhosted.org/packages/99/e7/c6f69c3120de34bbd882c6fba7975f3d7a746e9218e56ab46a1bc4b42552/tomli-2.4.1-cp312-cp312-musllinux_1_2_x86_64.whl", hash = "sha256:5cb41aa38891e073ee49d55fbc7839cfdb2bc0e600add13874d048c94aadddd1", size = 253290, upload-time = "2026-03-25T20:21:27.46Z" },
    { url = "https://files.pythonhosted.org/packages/d6/2f/4a3c322f22c5c66c4b836ec58211641a4067364f5dcdd7b974b4c5da300c/tomli-2.4.1-cp312-cp312-win32.whl", hash = "sha256:da25dc3563bff5965356133435b757a795a17b17d01dbc0f42fb32447ddfd917", size = 98141, upload-time = "2026-03-25T20:21:28.492Z" },
    { url = "https://files.pythonhosted.org/packages/24/22/4daacd05391b92c55759d55eaee21e1dfaea86ce5c571f10083360adf534/tomli-2.4.1-cp312-cp312-win_amd64.whl", hash = "sha256:52c8ef851d9a240f11a88c003eacb03c31fc1c9c4ec64a99a0f922b93874fda9", size = 108847, upload-time = "2026-03-25T20:21:29.386Z" },
    { url = "https://files.pythonhosted.org/packages/68/fd/70e768887666ddd9e9f5d85129e84910f2db2796f9096aa02b721a53098d/tomli-2.4.1-cp312-cp312-win_arm64.whl", hash = "sha256:f758f1b9299d059cc3f6546ae2af89670cb1c4d48ea29c3cacc4fe7de3058257", size = 95088, upload-time = "2026-03-25T20:21:30.677Z" },
    { url = "https://files.pythonhosted.org/packages/7b/61/cceae43728b7de99d9b847560c262873a1f6c98202171fd5ed62640b494b/tomli-2.4.1-py3-none-any.whl", hash = "sha256:0d85819802132122da43cb86656f8d1f8c6587d54ae7dcaf30e90533028b49fe", size = 14583, upload-time = "2026-03-25T20:22:03.012Z" },
]

[[package]]
name = "typing-extensions"
version = "4.16.0"
source = { registry = "https://pypi.org/simple" }
sdist = { url = "https://files.pythonhosted.org/packages/f6/cc/6253133b5bb138fc3306cebfbda2c520f545d36b5be2c7255cc528bb45d6/typing_extensions-4.16.0.tar.gz", hash = "sha256:dc983d19a509c94dba722ee6abd33940f7c05a89e243c47e907eb4db6f1a43e5", size = 113555, upload-time = "2026-07-02T08:40:05.92Z" }
wheels = [
    { url = "https://files.pythonhosted.org/packages/49/d3/b8441a820a491ddfc024b0b0cf0393375b75ea13866d9c66727e54c2fc80/typing_extensions-4.16.0-py3-none-any.whl", hash = "sha256:481caa481374e813c1b176ada14e97f1f67a4539ce9cfeb3f350d78d6370c2e8", size = 45571, upload-time = "2026-07-02T08:40:04.659Z" },
]

[[package]]
name = "urllib3"
version = "2.8.0"
source = { registry = "https://pypi.org/simple" }
sdist = { url = "https://files.pythonhosted.org/packages/e3/05/b17359e1cefb4f909b5e40b1b90a496d987258916dbbf88e842c729f510e/urllib3-2.8.0.tar.gz", hash = "sha256:63bf2ead4c879426ebf22ef2a781eeb4aa3b4ae798a0435506f8687fd5bb9b63", size = 458972, upload-time = "2026-09-15T19:29:36.253Z" }
wheels = [
    { url = "https://files.pythonhosted.org/packages/92/9d/c4e665119135114480843e7ab388fa94d8480650450e6f8e26b70d323a4c/urllib3-2.8.0-py3-none-any.whl", hash = "sha256:0cf3cae568d36aa9576b28dfb35f11328f1cb974ca7647d9475ebb86c75ac6e3", size = 135717, upload-time = "2026-09-15T19:29:34.577Z" },
]

[[package]]
name = "ytmusicapi"
version = "1.12.3"
source = { registry = "https://pypi.org/simple" }
dependencies = [
    { name = "requests" },
]
sdist = { url = "https://files.pythonhosted.org/packages/4a/0d/a536a685d8b021ff984a3f9902600bc1fb613afe3c0b143e2b0d791a3c5c/ytmusicapi-1.12.3.tar.gz", hash = "sha256:be81511af7494eec8e5970c56a10e51aada6253246649e4ea6714fd6aeb654ee", size = 666106, upload-time = "2026-09-16T15:04:45.561Z" }
wheels = [
    { url = "https://files.pythonhosted.org/packages/29/ad/6d471ea9d81e1f59a4d01badda21e7f3f508b94ed171c677b6547b292f73/ytmusicapi-1.12.3-py3-none-any.whl", hash = "sha256:f65db840907a43ca23b29bd563951a1e390fbe2089d7aa4ddbe2043824b2acd9", size = 111241, upload-time = "2026-09-16T15:04:43.883Z" },
]
